
Microsoft Visual Studio Solution File, Format Version 12.00
# Visual Studio Version 16
VisualStudioVersion = 16.0.29521.150
MinimumVisualStudioVersion = 10.0.40219.1
Project("{FAE04EC0-301F-11D3-BF4B-00C04F79EFBC}") = "Interval", "Interval\Interval.csproj", "{EB17C364-1CF8-4C1A-91E6-AC057FED4B41}"
EndProject
Project("{FAE04EC0-301F-11D3-BF4B-00C04F79EFBC}") = "Interval.Tests", "Interval.Tests\Interval.Tests.csproj", "{51974E7D-C1C3-45EF-BE34-CEB11A5CFF48}"
EndProject
Global
	GlobalSection(SolutionConfigurationPlatforms) = preSolution
		Debug|Any CPU = Debug|Any CPU
		Release|Any CPU = Release|Any CPU
	EndGlobalSection
	GlobalSection(ProjectConfigurationPlatforms) = postSolution
		{EB17C364-1CF8-4C1A-91E6-AC057FED4B41}.Debug|Any CPU.ActiveCfg = Debug|Any CPU
		{EB17C364-1CF8-4C1A-91E6-AC057FED4B41}.Debug|Any CPU.Build.0 = Debug|Any CPU
		{EB17C364-1CF8-4C1A-91E6-AC057FED4B41}.Release|Any CPU.ActiveCfg = Release|Any CPU
		{EB17C364-1CF8-4C1A-91E6-AC057FED4B41}.Release|Any CPU.Build.0 = Release|Any CPU
		{51974E7D-C1C3-45EF-BE34-CEB11A5CFF48}.Debug|Any CPU.ActiveCfg = Debug|Any CPU
		{51974E7D-C1C3-45EF-BE34-CEB11A5CFF48}.Debug|Any CPU.Build.0 = Debug|Any CPU
		{51974E7D-C1C3-45EF-BE34-CEB11A5CFF48}.Release|Any CPU.ActiveCfg = Release|Any CPU
		{51974E7D-C1C3-45EF-BE34-CEB11A5CFF48}.Release|Any CPU.Build.0 = Release|Any CPU
	EndGlobalSection
	GlobalSection(SolutionProperties) = preSolution
		HideSolutionNode = FALSE
	EndGlobalSection
	GlobalSection(ExtensibilityGlobals) = postSolution
		SolutionGuid = {F87E84E7-4026-4026-8786-3519F7E34393}
	EndGlobalSection
EndGlobal
